
Microsoft Visual Studio Solution File, Format Version 12.00
# Visual Studio Version 17
VisualStudioVersion = 17.2.32602.215
MinimumVisualStudioVersion = 10.0.40219.1
Project("{FAE04EC0-301F-11D3-BF4B-00C04F79EFBC}") = "Homework2", "Homework2\Homework2.csproj", "{A9DD8228-4A5B-4D88-9A98-EA1AB8CA87F6}"
EndProject
Global
	GlobalSection(SolutionConfigurationPlatforms) = preSolution
		Debug|Any CPU = Debug|Any CPU
		Release|Any CPU = Release|Any CPU
	EndGlobalSection
	GlobalSection(ProjectConfigurationPlatforms) = postSolution
		{A9DD8228-4A5B-4D88-9A98-EA1AB8CA87F6}.Debug|Any CPU.ActiveCfg = Debug|Any CPU
		{A9DD8228-4A5B-4D88-9A98-EA1AB8CA87F6}.Debug|Any CPU.Build.0 = Debug|Any CPU
		{A9DD8228-4A5B-4D88-9A98-EA1AB8CA87F6}.Release|Any CPU.ActiveCfg = Release|Any CPU
		{A9DD8228-4A5B-4D88-9A98-EA1AB8CA87F6}.Release|Any CPU.Build.0 = Release|Any CPU
	EndGlobalSection
	GlobalSection(SolutionProperties) = preSolution
		HideSolutionNode = FALSE
	EndGlobalSection
	GlobalSection(ExtensibilityGlobals) = postSolution
		SolutionGuid = {7A06B748-3FB5-4F9E-A46A-186E74F7FA17}
	EndGlobalSection
EndGlobal
