
Microsoft Visual Studio Solution File, Format Version 12.00
# Visual Studio Version 17
VisualStudioVersion = 17.2.32602.215
MinimumVisualStudioVersion = 10.0.40219.1
Project("{FAE04EC0-301F-11D3-BF4B-00C04F79EFBC}") = "homework3333", "homework3333\homework3333.csproj", "{B2F7718B-A9CE-43C1-A57D-2CFE61FC6362}"
EndProject
Global
	GlobalSection(SolutionConfigurationPlatforms) = preSolution
		Debug|Any CPU = Debug|Any CPU
		Release|Any CPU = Release|Any CPU
	EndGlobalSection
	GlobalSection(ProjectConfigurationPlatforms) = postSolution
		{B2F7718B-A9CE-43C1-A57D-2CFE61FC6362}.Debug|Any CPU.ActiveCfg = Debug|Any CPU
		{B2F7718B-A9CE-43C1-A57D-2CFE61FC6362}.Debug|Any CPU.Build.0 = Debug|Any CPU
		{B2F7718B-A9CE-43C1-A57D-2CFE61FC6362}.Release|Any CPU.ActiveCfg = Release|Any CPU
		{B2F7718B-A9CE-43C1-A57D-2CFE61FC6362}.Release|Any CPU.Build.0 = Release|Any CPU
	EndGlobalSection
	GlobalSection(SolutionProperties) = preSolution
		HideSolutionNode = FALSE
	EndGlobalSection
	GlobalSection(ExtensibilityGlobals) = postSolution
		SolutionGuid = {FDCBF3B1-27B5-45FE-AD08-B2751ACB2C74}
	EndGlobalSection
EndGlobal
