
Microsoft Visual Studio Solution File, Format Version 12.00
# Visual Studio Version 17
VisualStudioVersion = 17.2.32616.157
MinimumVisualStudioVersion = 10.0.40219.1
Project("{FAE04EC0-301F-11D3-BF4B-00C04F79EFBC}") = "hw4.3", "hw4.3\hw4.3.csproj", "{03289378-3613-4D4C-A15E-94B6ACF5DA77}"
EndProject
Global
	GlobalSection(SolutionConfigurationPlatforms) = preSolution
		Debug|Any CPU = Debug|Any CPU
		Release|Any CPU = Release|Any CPU
	EndGlobalSection
	GlobalSection(ProjectConfigurationPlatforms) = postSolution
		{03289378-3613-4D4C-A15E-94B6ACF5DA77}.Debug|Any CPU.ActiveCfg = Debug|Any CPU
		{03289378-3613-4D4C-A15E-94B6ACF5DA77}.Debug|Any CPU.Build.0 = Debug|Any CPU
		{03289378-3613-4D4C-A15E-94B6ACF5DA77}.Release|Any CPU.ActiveCfg = Release|Any CPU
		{03289378-3613-4D4C-A15E-94B6ACF5DA77}.Release|Any CPU.Build.0 = Release|Any CPU
	EndGlobalSection
	GlobalSection(SolutionProperties) = preSolution
		HideSolutionNode = FALSE
	EndGlobalSection
	GlobalSection(ExtensibilityGlobals) = postSolution
		SolutionGuid = {868D68D5-11F3-4568-B528-0BA9831C57B2}
	EndGlobalSection
EndGlobal
